{
  "name": "lup-language",
  "version": "1.2.18",
  "lockfileVersion": 2,
  "requires": true,
  "packages": {
    "": {
      "name": "lup-language",
      "version": "1.2.18",
      "license": "MIT",
      "dependencies": {
        "fs": "0.0.1-security",
        "lup-root": "^1.1.0"
      }
    },
    "node_modules/fs": {
      "version": "0.0.1-security",
      "resolved": "https://registry.npmjs.org/fs/-/fs-0.0.1-security.tgz",
      "integrity": "sha1-invTcYa23d84E/I4WLV+yq9eQdQ="
    },
    "node_modules/lup-root": {
      "version": "1.1.0",
      "resolved": "https://registry.npmjs.org/lup-root/-/lup-root-1.1.0.tgz",
      "integrity": "sha512-KW95DRndwYzi+h7li85pgs6RBUpV3RyhLXBL0huXvTVLso7SzK4pcnWyRWaX3QfFvq0udFyY1FZUCNuAQ+BhOA=="
    }
  },
  "dependencies": {
    "fs": {
      "version": "0.0.1-security",
      "resolved": "https://registry.npmjs.org/fs/-/fs-0.0.1-security.tgz",
      "integrity": "sha1-invTcYa23d84E/I4WLV+yq9eQdQ="
    },
    "lup-root": {
      "version": "1.1.0",
      "resolved": "https://registry.npmjs.org/lup-root/-/lup-root-1.1.0.tgz",
      "integrity": "sha512-KW95DRndwYzi+h7li85pgs6RBUpV3RyhLXBL0huXvTVLso7SzK4pcnWyRWaX3QfFvq0udFyY1FZUCNuAQ+BhOA=="
    }
  }
}
