{
  "name": "lup-language",
  "version": "1.0.12",
  "lockfileVersion": 2,
  "requires": true,
  "packages": {
    "": {
      "name": "lup-language",
      "version": "1.0.12",
      "license": "MIT",
      "dependencies": {
        "fs": "0.0.1-security",
        "lup-root": "^1.0.3"
      }
    },
    "node_modules/fs": {
      "version": "0.0.1-security",
      "resolved": "https://registry.npmjs.org/fs/-/fs-0.0.1-security.tgz",
      "integrity": "sha1-invTcYa23d84E/I4WLV+yq9eQdQ="
    },
    "node_modules/lup-root": {
      "version": "1.0.3",
      "resolved": "https://registry.npmjs.org/lup-root/-/lup-root-1.0.3.tgz",
      "integrity": "sha512-4XkW+G/1wALW7QAMVuOf5Boz7kc5dKZV7P7ubIQvRS/zrzcn16GK3AYw3kLhmbHmFHvZc9Xzkv380pp1Zmlr1A=="
    }
  },
  "dependencies": {
    "fs": {
      "version": "0.0.1-security",
      "resolved": "https://registry.npmjs.org/fs/-/fs-0.0.1-security.tgz",
      "integrity": "sha1-invTcYa23d84E/I4WLV+yq9eQdQ="
    },
    "lup-root": {
      "version": "1.0.3",
      "resolved": "https://registry.npmjs.org/lup-root/-/lup-root-1.0.3.tgz",
      "integrity": "sha512-4XkW+G/1wALW7QAMVuOf5Boz7kc5dKZV7P7ubIQvRS/zrzcn16GK3AYw3kLhmbHmFHvZc9Xzkv380pp1Zmlr1A=="
    }
  }
}
